// !$*UTF8*$!
{
	archiveVersion = 1;
	classes = {
	};
	objectVersion = 52;
	objects = {

/* Begin PBXBuildFile section */
		7404249E270093E8001372DE /* Loader.swift in Sources */ = {isa = PBXBuildFile; fileRef = 7404249D270093E8001372DE /* Loader.swift */; };
		740CAE58271090EA00BFEE3C /* Response.swift in Sources */ = {isa = PBXBuildFile; fileRef = 740CAE57271090EA00BFEE3C /* Response.swift */; };
		7419239426F7501100B839B4 /* CustomNavigationController.swift in Sources */ = {isa = PBXBuildFile; fileRef = 7419239326F7501100B839B4 /* CustomNavigationController.swift */; };
		7419239726F75E2D00B839B4 /* CustomPushAnimator.swift in Sources */ = {isa = PBXBuildFile; fileRef = 7419239626F75E2D00B839B4 /* CustomPushAnimator.swift */; };
		7419239926F75E3B00B839B4 /* CustomPopAnimator.swift in Sources */ = {isa = PBXBuildFile; fileRef = 7419239826F75E3B00B839B4 /* CustomPopAnimator.swift */; };
		7419239B26F7756B00B839B4 /* CustomInteractiveTransition.swift in Sources */ = {isa = PBXBuildFile; fileRef = 7419239A26F7756B00B839B4 /* CustomInteractiveTransition.swift */; };
		7420A56B26DCD6A100D92629 /* FriendTableViewCell.swift in Sources */ = {isa = PBXBuildFile; fileRef = 7420A56A26DCD6A100D92629 /* FriendTableViewCell.swift */; };
		7436DCEE26C6E52600E7E21C /* AppDelegate.swift in Sources */ = {isa = PBXBuildFile; fileRef = 7436DCED26C6E52600E7E21C /* AppDelegate.swift */; };
		7436DCF026C6E52600E7E21C /* SceneDelegate.swift in Sources */ = {isa = PBXBuildFile; fileRef = 7436DCEF26C6E52600E7E21C /* SceneDelegate.swift */; };
		7436DCF226C6E52600E7E21C /* LoginVC.swift in Sources */ = {isa = PBXBuildFile; fileRef = 7436DCF126C6E52600E7E21C /* LoginVC.swift */; };
		7436DCF526C6E52600E7E21C /* Main.storyboard in Resources */ = {isa = PBXBuildFile; fileRef = 7436DCF326C6E52600E7E21C /* Main.storyboard */; };
		7436DCF726C6E52800E7E21C /* Assets.xcassets in Resources */ = {isa = PBXBuildFile; fileRef = 7436DCF626C6E52800E7E21C /* Assets.xcassets */; };
		7436DCFA26C6E52800E7E21C /* LaunchScreen.storyboard in Resources */ = {isa = PBXBuildFile; fileRef = 7436DCF826C6E52800E7E21C /* LaunchScreen.storyboard */; };
		74397D5E2705981B001B50CB /* Session.swift in Sources */ = {isa = PBXBuildFile; fileRef = 74397D5D2705981B001B50CB /* Session.swift */; };
		74397D602705F907001B50CB /* AuthorizationVC.swift in Sources */ = {isa = PBXBuildFile; fileRef = 74397D5F2705F907001B50CB /* AuthorizationVC.swift */; };
		74397D632706E2FD001B50CB /* NetworkService.swift in Sources */ = {isa = PBXBuildFile; fileRef = 74397D622706E2FD001B50CB /* NetworkService.swift */; };
		744DB0D526E91DCC00A15590 /* NewsCell.swift in Sources */ = {isa = PBXBuildFile; fileRef = 744DB0D326E91DCC00A15590 /* NewsCell.swift */; };
		744DB0D626E91DCC00A15590 /* NewsCell.xib in Resources */ = {isa = PBXBuildFile; fileRef = 744DB0D426E91DCC00A15590 /* NewsCell.xib */; };
		744DB0D826E9205F00A15590 /* NewsTableVC.swift in Sources */ = {isa = PBXBuildFile; fileRef = 744DB0D726E9205F00A15590 /* NewsTableVC.swift */; };
		744DB0DA26E9231D00A15590 /* News.swift in Sources */ = {isa = PBXBuildFile; fileRef = 744DB0D926E9231D00A15590 /* News.swift */; };
		7474B0A9271D2B76005BA504 /* Nuke in Frameworks */ = {isa = PBXBuildFile; productRef = 7474B0A8271D2B76005BA504 /* Nuke */; };
		7474B0AC271D2BE0005BA504 /* Realm in Frameworks */ = {isa = PBXBuildFile; productRef = 7474B0AB271D2BE0005BA504 /* Realm */; };
		7474B0AE271D2BE0005BA504 /* RealmSwift in Frameworks */ = {isa = PBXBuildFile; productRef = 7474B0AD271D2BE0005BA504 /* RealmSwift */; };
		7478BE9C26E60C7F007AA4FF /* LikeControl.swift in Sources */ = {isa = PBXBuildFile; fileRef = 7478BE9B26E60C7F007AA4FF /* LikeControl.swift */; };
		749188CF26EC902800D0969B /* GalleryVC.swift in Sources */ = {isa = PBXBuildFile; fileRef = 749188CE26EC902800D0969B /* GalleryVC.swift */; };
		74D2234B26D54C9700D444F7 /* Friend.swift in Sources */ = {isa = PBXBuildFile; fileRef = 74D2234A26D54C9700D444F7 /* Friend.swift */; };
		74D2234E26D639D300D444F7 /* CommunityCell.swift in Sources */ = {isa = PBXBuildFile; fileRef = 74D2234C26D639D300D444F7 /* CommunityCell.swift */; };
		74D2234F26D639D300D444F7 /* CommunityCell.xib in Resources */ = {isa = PBXBuildFile; fileRef = 74D2234D26D639D300D444F7 /* CommunityCell.xib */; };
		74D2235126D63E6C00D444F7 /* Community.swift in Sources */ = {isa = PBXBuildFile; fileRef = 74D2235026D63E6C00D444F7 /* Community.swift */; };
		74D2235426D666C700D444F7 /* PhotoCollectionViewCell.swift in Sources */ = {isa = PBXBuildFile; fileRef = 74D2235326D666C700D444F7 /* PhotoCollectionViewCell.swift */; };
		74D2235626D667AC00D444F7 /* UserPhoto.swift in Sources */ = {isa = PBXBuildFile; fileRef = 74D2235526D667AC00D444F7 /* UserPhoto.swift */; };
		74D37AB126D2B58500E65F83 /* FriendsVC.swift in Sources */ = {isa = PBXBuildFile; fileRef = 74D37AB026D2B58500E65F83 /* FriendsVC.swift */; };
		74D37AB326D2B5F900E65F83 /* PhotosCollectionVC.swift in Sources */ = {isa = PBXBuildFile; fileRef = 74D37AB226D2B5F900E65F83 /* PhotosCollectionVC.swift */; };
		74D37AB526D2B63900E65F83 /* MyCommunitysTableVC.swift in Sources */ = {isa = PBXBuildFile; fileRef = 74D37AB426D2B63900E65F83 /* MyCommunitysTableVC.swift */; };
		74D37AB726D2B65200E65F83 /* AllCommunitysTableVC.swift in Sources */ = {isa = PBXBuildFile; fileRef = 74D37AB626D2B65200E65F83 /* AllCommunitysTableVC.swift */; };
		74ED889F2721429100D6E28B /* RealmService.swift in Sources */ = {isa = PBXBuildFile; fileRef = 74ED889E2721429100D6E28B /* RealmService.swift */; };
/* End PBXBuildFile section */

/* Begin PBXFileReference section */
		7404249D270093E8001372DE /* Loader.swift */ = {isa = PBXFileReference; lastKnownFileType = sourcecode.swift; path = Loader.swift; sourceTree = "<group>"; };
		740CAE57271090EA00BFEE3C /* Response.swift */ = {isa = PBXFileReference; lastKnownFileType = sourcecode.swift; path = Response.swift; sourceTree = "<group>"; };
		7419239326F7501100B839B4 /* CustomNavigationController.swift */ = {isa = PBXFileReference; lastKnownFileType = sourcecode.swift; path = CustomNavigationController.swift; sourceTree = "<group>"; };
		7419239626F75E2D00B839B4 /* CustomPushAnimator.swift */ = {isa = PBXFileReference; lastKnownFileType = sourcecode.swift; path = CustomPushAnimator.swift; sourceTree = "<group>"; };
		7419239826F75E3B00B839B4 /* CustomPopAnimator.swift */ = {isa = PBXFileReference; lastKnownFileType = sourcecode.swift; path = CustomPopAnimator.swift; sourceTree = "<group>"; };
		7419239A26F7756B00B839B4 /* CustomInteractiveTransition.swift */ = {isa = PBXFileReference; lastKnownFileType = sourcecode.swift; path = CustomInteractiveTransition.swift; sourceTree = "<group>"; };
		7420A56A26DCD6A100D92629 /* FriendTableViewCell.swift */ = {isa = PBXFileReference; lastKnownFileType = sourcecode.swift; path = FriendTableViewCell.swift; sourceTree = "<group>"; };
		7436DCEA26C6E52600E7E21C /* VKClient.app */ = {isa = PBXFileReference; explicitFileType = wrapper.application; includeInIndex = 0; path = VKClient.app; sourceTree = BUILT_PRODUCTS_DIR; };
		7436DCED26C6E52600E7E21C /* AppDelegate.swift */ = {isa = PBXFileReference; lastKnownFileType = sourcecode.swift; path = AppDelegate.swift; sourceTree = "<group>"; };
		7436DCEF26C6E52600E7E21C /* SceneDelegate.swift */ = {isa = PBXFileReference; lastKnownFileType = sourcecode.swift; path = SceneDelegate.swift; sourceTree = "<group>"; };
		7436DCF126C6E52600E7E21C /* LoginVC.swift */ = {isa = PBXFileReference; lastKnownFileType = sourcecode.swift; path = LoginVC.swift; sourceTree = "<group>"; };
		7436DCF426C6E52600E7E21C /* Base */ = {isa = PBXFileReference; lastKnownFileType = file.storyboard; name = Base; path = Base.lproj/Main.storyboard; sourceTree = "<group>"; };
		7436DCF626C6E52800E7E21C /* Assets.xcassets */ = {isa = PBXFileReference; lastKnownFileType = folder.assetcatalog; path = Assets.xcassets; sourceTree = "<group>"; };
		7436DCF926C6E52800E7E21C /* Base */ = {isa = PBXFileReference; lastKnownFileType = file.storyboard; name = Base; path = Base.lproj/LaunchScreen.storyboard; sourceTree = "<group>"; };
		7436DCFB26C6E52800E7E21C /* Info.plist */ = {isa = PBXFileReference; lastKnownFileType = text.plist.xml; path = Info.plist; sourceTree = "<group>"; };
		74397D5D2705981B001B50CB /* Session.swift */ = {isa = PBXFileReference; lastKnownFileType = sourcecode.swift; path = Session.swift; sourceTree = "<group>"; };
		74397D5F2705F907001B50CB /* AuthorizationVC.swift */ = {isa = PBXFileReference; lastKnownFileType = sourcecode.swift; path = AuthorizationVC.swift; sourceTree = "<group>"; };
		74397D622706E2FD001B50CB /* NetworkService.swift */ = {isa = PBXFileReference; lastKnownFileType = sourcecode.swift; path = NetworkService.swift; sourceTree = "<group>"; };
		744DB0D326E91DCC00A15590 /* NewsCell.swift */ = {isa = PBXFileReference; lastKnownFileType = sourcecode.swift; path = NewsCell.swift; sourceTree = "<group>"; };
		744DB0D426E91DCC00A15590 /* NewsCell.xib */ = {isa = PBXFileReference; lastKnownFileType = file.xib; path = NewsCell.xib; sourceTree = "<group>"; };
		744DB0D726E9205F00A15590 /* NewsTableVC.swift */ = {isa = PBXFileReference; lastKnownFileType = sourcecode.swift; path = NewsTableVC.swift; sourceTree = "<group>"; };
		744DB0D926E9231D00A15590 /* News.swift */ = {isa = PBXFileReference; lastKnownFileType = sourcecode.swift; path = News.swift; sourceTree = "<group>"; };
		7478BE9B26E60C7F007AA4FF /* LikeControl.swift */ = {isa = PBXFileReference; lastKnownFileType = sourcecode.swift; path = LikeControl.swift; sourceTree = "<group>"; };
		749188CE26EC902800D0969B /* GalleryVC.swift */ = {isa = PBXFileReference; lastKnownFileType = sourcecode.swift; path = GalleryVC.swift; sourceTree = "<group>"; };
		74D2234A26D54C9700D444F7 /* Friend.swift */ = {isa = PBXFileReference; lastKnownFileType = sourcecode.swift; path = Friend.swift; sourceTree = "<group>"; };
		74D2234C26D639D300D444F7 /* CommunityCell.swift */ = {isa = PBXFileReference; lastKnownFileType = sourcecode.swift; path = CommunityCell.swift; sourceTree = "<group>"; };
		74D2234D26D639D300D444F7 /* CommunityCell.xib */ = {isa = PBXFileReference; lastKnownFileType = file.xib; path = CommunityCell.xib; sourceTree = "<group>"; };
		74D2235026D63E6C00D444F7 /* Community.swift */ = {isa = PBXFileReference; lastKnownFileType = sourcecode.swift; path = Community.swift; sourceTree = "<group>"; };
		74D2235326D666C700D444F7 /* PhotoCollectionViewCell.swift */ = {isa = PBXFileReference; lastKnownFileType = sourcecode.swift; path = PhotoCollectionViewCell.swift; sourceTree = "<group>"; };
		74D2235526D667AC00D444F7 /* UserPhoto.swift */ = {isa = PBXFileReference; lastKnownFileType = sourcecode.swift; path = UserPhoto.swift; sourceTree = "<group>"; };
		74D37AB026D2B58500E65F83 /* FriendsVC.swift */ = {isa = PBXFileReference; lastKnownFileType = sourcecode.swift; path = FriendsVC.swift; sourceTree = "<group>"; };
		74D37AB226D2B5F900E65F83 /* PhotosCollectionVC.swift */ = {isa = PBXFileReference; lastKnownFileType = sourcecode.swift; name = PhotosCollectionVC.swift; path = VKClient/Controllers/PhotosCollectionVC.swift; sourceTree = SOURCE_ROOT; };
		74D37AB426D2B63900E65F83 /* MyCommunitysTableVC.swift */ = {isa = PBXFileReference; lastKnownFileType = sourcecode.swift; path = MyCommunitysTableVC.swift; sourceTree = "<group>"; };
		74D37AB626D2B65200E65F83 /* AllCommunitysTableVC.swift */ = {isa = PBXFileReference; lastKnownFileType = sourcecode.swift; name = AllCommunitysTableVC.swift; path = VKClient/Controllers/AllCommunitysTableVC.swift; sourceTree = SOURCE_ROOT; };
		74ED889E2721429100D6E28B /* RealmService.swift */ = {isa = PBXFileReference; lastKnownFileType = sourcecode.swift; path = RealmService.swift; sourceTree = "<group>"; };
/* End PBXFileReference section */

/* Begin PBXFrameworksBuildPhase section */
		7436DCE726C6E52600E7E21C /* Frameworks */ = {
			isa = PBXFrameworksBuildPhase;
			buildActionMask = 2147483647;
			files = (
				7474B0AE271D2BE0005BA504 /* RealmSwift in Frameworks */,
				7474B0AC271D2BE0005BA504 /* Realm in Frameworks */,
				7474B0A9271D2B76005BA504 /* Nuke in Frameworks */,
			);
			runOnlyForDeploymentPostprocessing = 0;
		};
/* End PBXFrameworksBuildPhase section */

/* Begin PBXGroup section */
		7419239526F75E1000B839B4 /* Animators */ = {
			isa = PBXGroup;
			children = (
				7419239626F75E2D00B839B4 /* CustomPushAnimator.swift */,
				7419239826F75E3B00B839B4 /* CustomPopAnimator.swift */,
				7419239A26F7756B00B839B4 /* CustomInteractiveTransition.swift */,
			);
			path = Animators;
			sourceTree = "<group>";
		};
		7436DCE126C6E52600E7E21C = {
			isa = PBXGroup;
			children = (
				7436DCEC26C6E52600E7E21C /* VKClient */,
				7436DCEB26C6E52600E7E21C /* Products */,
			);
			sourceTree = "<group>";
		};
		7436DCEB26C6E52600E7E21C /* Products */ = {
			isa = PBXGroup;
			children = (
				7436DCEA26C6E52600E7E21C /* VKClient.app */,
			);
			name = Products;
			sourceTree = "<group>";
		};
		7436DCEC26C6E52600E7E21C /* VKClient */ = {
			isa = PBXGroup;
			children = (
				7436DCED26C6E52600E7E21C /* AppDelegate.swift */,
				7436DCEF26C6E52600E7E21C /* SceneDelegate.swift */,
				74397D612706E2D4001B50CB /* Services */,
				74D2234926D54C5200D444F7 /* Models */,
				7436DD0226C6E70B00E7E21C /* Controllers */,
				7436DD0126C6E6F000E7E21C /* View */,
				7436DCF626C6E52800E7E21C /* Assets.xcassets */,
				7436DCFB26C6E52800E7E21C /* Info.plist */,
			);
			path = VKClient;
			sourceTree = "<group>";
		};
		7436DD0126C6E6F000E7E21C /* View */ = {
			isa = PBXGroup;
			children = (
				7419239526F75E1000B839B4 /* Animators */,
				74D2235226D6646B00D444F7 /* Reuse */,
				7436DCF826C6E52800E7E21C /* LaunchScreen.storyboard */,
				7436DCF326C6E52600E7E21C /* Main.storyboard */,
				7478BE9B26E60C7F007AA4FF /* LikeControl.swift */,
				7404249D270093E8001372DE /* Loader.swift */,
			);
			path = View;
			sourceTree = "<group>";
		};
		7436DD0226C6E70B00E7E21C /* Controllers */ = {
			isa = PBXGroup;
			children = (
				7436DCF126C6E52600E7E21C /* LoginVC.swift */,
				74397D5F2705F907001B50CB /* AuthorizationVC.swift */,
				74D37AB026D2B58500E65F83 /* FriendsVC.swift */,
				74D37AB226D2B5F900E65F83 /* PhotosCollectionVC.swift */,
				749188CE26EC902800D0969B /* GalleryVC.swift */,
				74D37AB426D2B63900E65F83 /* MyCommunitysTableVC.swift */,
				74D37AB626D2B65200E65F83 /* AllCommunitysTableVC.swift */,
				744DB0D726E9205F00A15590 /* NewsTableVC.swift */,
				7419239326F7501100B839B4 /* CustomNavigationController.swift */,
			);
			path = Controllers;
			sourceTree = "<group>";
		};
		74397D612706E2D4001B50CB /* Services */ = {
			isa = PBXGroup;
			children = (
				74397D622706E2FD001B50CB /* NetworkService.swift */,
				74ED889E2721429100D6E28B /* RealmService.swift */,
			);
			path = Services;
			sourceTree = "<group>";
		};
		74D2234926D54C5200D444F7 /* Models */ = {
			isa = PBXGroup;
			children = (
				74D2234A26D54C9700D444F7 /* Friend.swift */,
				74D2235026D63E6C00D444F7 /* Community.swift */,
				74D2235526D667AC00D444F7 /* UserPhoto.swift */,
				744DB0D926E9231D00A15590 /* News.swift */,
				74397D5D2705981B001B50CB /* Session.swift */,
				740CAE57271090EA00BFEE3C /* Response.swift */,
			);
			path = Models;
			sourceTree = "<group>";
		};
		74D2235226D6646B00D444F7 /* Reuse */ = {
			isa = PBXGroup;
			children = (
				7420A56A26DCD6A100D92629 /* FriendTableViewCell.swift */,
				74D2235326D666C700D444F7 /* PhotoCollectionViewCell.swift */,
				74D2234D26D639D300D444F7 /* CommunityCell.xib */,
				74D2234C26D639D300D444F7 /* CommunityCell.swift */,
				744DB0D426E91DCC00A15590 /* NewsCell.xib */,
				744DB0D326E91DCC00A15590 /* NewsCell.swift */,
			);
			path = Reuse;
			sourceTree = "<group>";
		};
/* End PBXGroup section */

/* Begin PBXNativeTarget section */
		7436DCE926C6E52600E7E21C /* VKClient */ = {
			isa = PBXNativeTarget;
			buildConfigurationList = 7436DCFE26C6E52800E7E21C /* Build configuration list for PBXNativeTarget "VKClient" */;
			buildPhases = (
				7436DCE626C6E52600E7E21C /* Sources */,
				7436DCE726C6E52600E7E21C /* Frameworks */,
				7436DCE826C6E52600E7E21C /* Resources */,
			);
			buildRules = (
			);
			dependencies = (
			);
			name = VKClient;
			packageProductDependencies = (
				7474B0A8271D2B76005BA504 /* Nuke */,
				7474B0AB271D2BE0005BA504 /* Realm */,
				7474B0AD271D2BE0005BA504 /* RealmSwift */,
			);
			productName = VKClient;
			productReference = 7436DCEA26C6E52600E7E21C /* VKClient.app */;
			productType = "com.apple.product-type.application";
		};
/* End PBXNativeTarget section */

/* Begin PBXProject section */
		7436DCE226C6E52600E7E21C /* Project object */ = {
			isa = PBXProject;
			attributes = {
				LastSwiftUpdateCheck = 1250;
				LastUpgradeCheck = 1250;
				TargetAttributes = {
					7436DCE926C6E52600E7E21C = {
						CreatedOnToolsVersion = 12.5.1;
					};
				};
			};
			buildConfigurationList = 7436DCE526C6E52600E7E21C /* Build configuration list for PBXProject "VKClient" */;
			compatibilityVersion = "Xcode 9.3";
			developmentRegion = en;
			hasScannedForEncodings = 0;
			knownRegions = (
				en,
				Base,
			);
			mainGroup = 7436DCE126C6E52600E7E21C;
			packageReferences = (
				7474B0A7271D2B76005BA504 /* XCRemoteSwiftPackageReference "Nuke" */,
				7474B0AA271D2BE0005BA504 /* XCRemoteSwiftPackageReference "realm-cocoa" */,
			);
			productRefGroup = 7436DCEB26C6E52600E7E21C /* Products */;
			projectDirPath = "";
			projectRoot = "";
			targets = (
				7436DCE926C6E52600E7E21C /* VKClient */,
			);
		};
/* End PBXProject section */

/* Begin PBXResourcesBuildPhase section */
		7436DCE826C6E52600E7E21C /* Resources */ = {
			isa = PBXResourcesBuildPhase;
			buildActionMask = 2147483647;
			files = (
				7436DCFA26C6E52800E7E21C /* LaunchScreen.storyboard in Resources */,
				7436DCF726C6E52800E7E21C /* Assets.xcassets in Resources */,
				744DB0D626E91DCC00A15590 /* NewsCell.xib in Resources */,
				7436DCF526C6E52600E7E21C /* Main.storyboard in Resources */,
				74D2234F26D639D300D444F7 /* CommunityCell.xib in Resources */,
			);
			runOnlyForDeploymentPostprocessing = 0;
		};
/* End PBXResourcesBuildPhase section */

/* Begin PBXSourcesBuildPhase section */
		7436DCE626C6E52600E7E21C /* Sources */ = {
			isa = PBXSourcesBuildPhase;
			buildActionMask = 2147483647;
			files = (
				7419239B26F7756B00B839B4 /* CustomInteractiveTransition.swift in Sources */,
				74D2235626D667AC00D444F7 /* UserPhoto.swift in Sources */,
				7436DCF226C6E52600E7E21C /* LoginVC.swift in Sources */,
				7478BE9C26E60C7F007AA4FF /* LikeControl.swift in Sources */,
				7419239926F75E3B00B839B4 /* CustomPopAnimator.swift in Sources */,
				74D37AB726D2B65200E65F83 /* AllCommunitysTableVC.swift in Sources */,
				744DB0D526E91DCC00A15590 /* NewsCell.swift in Sources */,
				74D2234E26D639D300D444F7 /* CommunityCell.swift in Sources */,
				74397D602705F907001B50CB /* AuthorizationVC.swift in Sources */,
				7436DCEE26C6E52600E7E21C /* AppDelegate.swift in Sources */,
				74D37AB126D2B58500E65F83 /* FriendsVC.swift in Sources */,
				74397D5E2705981B001B50CB /* Session.swift in Sources */,
				74D2235126D63E6C00D444F7 /* Community.swift in Sources */,
				74397D632706E2FD001B50CB /* NetworkService.swift in Sources */,
				7420A56B26DCD6A100D92629 /* FriendTableViewCell.swift in Sources */,
				74D37AB526D2B63900E65F83 /* MyCommunitysTableVC.swift in Sources */,
				744DB0D826E9205F00A15590 /* NewsTableVC.swift in Sources */,
				7404249E270093E8001372DE /* Loader.swift in Sources */,
				7419239726F75E2D00B839B4 /* CustomPushAnimator.swift in Sources */,
				740CAE58271090EA00BFEE3C /* Response.swift in Sources */,
				74D37AB326D2B5F900E65F83 /* PhotosCollectionVC.swift in Sources */,
				7436DCF026C6E52600E7E21C /* SceneDelegate.swift in Sources */,
				74D2235426D666C700D444F7 /* PhotoCollectionViewCell.swift in Sources */,
				74ED889F2721429100D6E28B /* RealmService.swift in Sources */,
				7419239426F7501100B839B4 /* CustomNavigationController.swift in Sources */,
				749188CF26EC902800D0969B /* GalleryVC.swift in Sources */,
				744DB0DA26E9231D00A15590 /* News.swift in Sources */,
				74D2234B26D54C9700D444F7 /* Friend.swift in Sources */,
			);
			runOnlyForDeploymentPostprocessing = 0;
		};
/* End PBXSourcesBuildPhase section */

/* Begin PBXVariantGroup section */
		7436DCF326C6E52600E7E21C /* Main.storyboard */ = {
			isa = PBXVariantGroup;
			children = (
				7436DCF426C6E52600E7E21C /* Base */,
			);
			name = Main.storyboard;
			sourceTree = "<group>";
		};
		7436DCF826C6E52800E7E21C /* LaunchScreen.storyboard */ = {
			isa = PBXVariantGroup;
			children = (
				7436DCF926C6E52800E7E21C /* Base */,
			);
			name = LaunchScreen.storyboard;
			sourceTree = "<group>";
		};
/* End PBXVariantGroup section */

/* Begin XCBuildConfiguration section */
		7436DCFC26C6E52800E7E21C /* Debug */ = {
			isa = XCBuildConfiguration;
			buildSettings = {
				ALWAYS_SEARCH_USER_PATHS = NO;
				CLANG_ANALYZER_NONNULL = YES;
				CLANG_ANALYZER_NUMBER_OBJECT_CONVERSION = YES_AGGRESSIVE;
				CLANG_CXX_LANGUAGE_STANDARD = "gnu++14";
				CLANG_CXX_LIBRARY = "libc++";
				CLANG_ENABLE_MODULES = YES;
				CLANG_ENABLE_OBJC_ARC = YES;
				CLANG_ENABLE_OBJC_WEAK = YES;
				CLANG_WARN_BLOCK_CAPTURE_AUTORELEASING = YES;
				CLANG_WARN_BOOL_CONVERSION = YES;
				CLANG_WARN_COMMA = YES;
				CLANG_WARN_CONSTANT_CONVERSION = YES;
				CLANG_WARN_DEPRECATED_OBJC_IMPLEMENTATIONS = YES;
				CLANG_WARN_DIRECT_OBJC_ISA_USAGE = YES_ERROR;
				CLANG_WARN_DOCUMENTATION_COMMENTS = YES;
				CLANG_WARN_EMPTY_BODY = YES;
				CLANG_WARN_ENUM_CONVERSION = YES;
				CLANG_WARN_INFINITE_RECURSION = YES;
				CLANG_WARN_INT_CONVERSION = YES;
				CLANG_WARN_NON_LITERAL_NULL_CONVERSION = YES;
				CLANG_WARN_OBJC_IMPLICIT_RETAIN_SELF = YES;
				CLANG_WARN_OBJC_LITERAL_CONVERSION = YES;
				CLANG_WARN_OBJC_ROOT_CLASS = YES_ERROR;
				CLANG_WARN_QUOTED_INCLUDE_IN_FRAMEWORK_HEADER = YES;
				CLANG_WARN_RANGE_LOOP_ANALYSIS = YES;
				CLANG_WARN_STRICT_PROTOTYPES = YES;
				CLANG_WARN_SUSPICIOUS_MOVE = YES;
				CLANG_WARN_UNGUARDED_AVAILABILITY = YES_AGGRESSIVE;
				CLANG_WARN_UNREACHABLE_CODE = YES;
				CLANG_WARN__DUPLICATE_METHOD_MATCH = YES;
				COPY_PHASE_STRIP = NO;
				DEBUG_INFORMATION_FORMAT = dwarf;
				ENABLE_STRICT_OBJC_MSGSEND = YES;
				ENABLE_TESTABILITY = YES;
				GCC_C_LANGUAGE_STANDARD = gnu11;
				GCC_DYNAMIC_NO_PIC = NO;
				GCC_NO_COMMON_BLOCKS = YES;
				GCC_OPTIMIZATION_LEVEL = 0;
				GCC_PREPROCESSOR_DEFINITIONS = (
					"DEBUG=1",
					"$(inherited)",
				);
				GCC_WARN_64_TO_32_BIT_CONVERSION = YES;
				GCC_WARN_ABOUT_RETURN_TYPE = YES_ERROR;
				GCC_WARN_UNDECLARED_SELECTOR = YES;
				GCC_WARN_UNINITIALIZED_AUTOS = YES_AGGRESSIVE;
				GCC_WARN_UNUSED_FUNCTION = YES;
				GCC_WARN_UNUSED_VARIABLE = YES;
				IPHONEOS_DEPLOYMENT_TARGET = 14.5;
				MTL_ENABLE_DEBUG_INFO = INCLUDE_SOURCE;
				MTL_FAST_MATH = YES;
				ONLY_ACTIVE_ARCH = YES;
				SDKROOT = iphoneos;
				SWIFT_ACTIVE_COMPILATION_CONDITIONS = DEBUG;
				SWIFT_OPTIMIZATION_LEVEL = "-Onone";
			};
			name = Debug;
		};
		7436DCFD26C6E52800E7E21C /* Release */ = {
			isa = XCBuildConfiguration;
			buildSettings = {
				ALWAYS_SEARCH_USER_PATHS = NO;
				CLANG_ANALYZER_NONNULL = YES;
				CLANG_ANALYZER_NUMBER_OBJECT_CONVERSION = YES_AGGRESSIVE;
				CLANG_CXX_LANGUAGE_STANDARD = "gnu++14";
				CLANG_CXX_LIBRARY = "libc++";
				CLANG_ENABLE_MODULES = YES;
				CLANG_ENABLE_OBJC_ARC = YES;
				CLANG_ENABLE_OBJC_WEAK = YES;
				CLANG_WARN_BLOCK_CAPTURE_AUTORELEASING = YES;
				CLANG_WARN_BOOL_CONVERSION = YES;
				CLANG_WARN_COMMA = YES;
				CLANG_WARN_CONSTANT_CONVERSION = YES;
				CLANG_WARN_DEPRECATED_OBJC_IMPLEMENTATIONS = YES;
				CLANG_WARN_DIRECT_OBJC_ISA_USAGE = YES_ERROR;
				CLANG_WARN_DOCUMENTATION_COMMENTS = YES;
				CLANG_WARN_EMPTY_BODY = YES;
				CLANG_WARN_ENUM_CONVERSION = YES;
				CLANG_WARN_INFINITE_RECURSION = YES;
				CLANG_WARN_INT_CONVERSION = YES;
				CLANG_WARN_NON_LITERAL_NULL_CONVERSION = YES;
				CLANG_WARN_OBJC_IMPLICIT_RETAIN_SELF = YES;
				CLANG_WARN_OBJC_LITERAL_CONVERSION = YES;
				CLANG_WARN_OBJC_ROOT_CLASS = YES_ERROR;
				CLANG_WARN_QUOTED_INCLUDE_IN_FRAMEWORK_HEADER = YES;
				CLANG_WARN_RANGE_LOOP_ANALYSIS = YES;
				CLANG_WARN_STRICT_PROTOTYPES = YES;
				CLANG_WARN_SUSPICIOUS_MOVE = YES;
				CLANG_WARN_UNGUARDED_AVAILABILITY = YES_AGGRESSIVE;
				CLANG_WARN_UNREACHABLE_CODE = YES;
				CLANG_WARN__DUPLICATE_METHOD_MATCH = YES;
				COPY_PHASE_STRIP = NO;
				DEBUG_INFORMATION_FORMAT = "dwarf-with-dsym";
				ENABLE_NS_ASSERTIONS = NO;
				ENABLE_STRICT_OBJC_MSGSEND = YES;
				GCC_C_LANGUAGE_STANDARD = gnu11;
				GCC_NO_COMMON_BLOCKS = YES;
				GCC_WARN_64_TO_32_BIT_CONVERSION = YES;
				GCC_WARN_ABOUT_RETURN_TYPE = YES_ERROR;
				GCC_WARN_UNDECLARED_SELECTOR = YES;
				GCC_WARN_UNINITIALIZED_AUTOS = YES_AGGRESSIVE;
				GCC_WARN_UNUSED_FUNCTION = YES;
				GCC_WARN_UNUSED_VARIABLE = YES;
				IPHONEOS_DEPLOYMENT_TARGET = 14.5;
				MTL_ENABLE_DEBUG_INFO = NO;
				MTL_FAST_MATH = YES;
				SDKROOT = iphoneos;
				SWIFT_COMPILATION_MODE = wholemodule;
				SWIFT_OPTIMIZATION_LEVEL = "-O";
				VALIDATE_PRODUCT = YES;
			};
			name = Release;
		};
		7436DCFF26C6E52800E7E21C /* Debug */ = {
			isa = XCBuildConfiguration;
			buildSettings = {
				ASSETCATALOG_COMPILER_APPICON_NAME = AppIcon;
				ASSETCATALOG_COMPILER_GLOBAL_ACCENT_COLOR_NAME = AccentColor;
				CODE_SIGN_STYLE = Automatic;
				DEVELOPMENT_TEAM = V2THZTN36Q;
				INFOPLIST_FILE = VKClient/Info.plist;
				LD_RUNPATH_SEARCH_PATHS = (
					"$(inherited)",
					"@executable_path/Frameworks",
				);
				PRODUCT_BUNDLE_IDENTIFIER = com.speaker378.VKClient;
				PRODUCT_NAME = "$(TARGET_NAME)";
				SWIFT_VERSION = 5.0;
				TARGETED_DEVICE_FAMILY = "1,2";
			};
			name = Debug;
		};
		7436DD0026C6E52800E7E21C /* Release */ = {
			isa = XCBuildConfiguration;
			buildSettings = {
				ASSETCATALOG_COMPILER_APPICON_NAME = AppIcon;
				ASSETCATALOG_COMPILER_GLOBAL_ACCENT_COLOR_NAME = AccentColor;
				CODE_SIGN_STYLE = Automatic;
				DEVELOPMENT_TEAM = V2THZTN36Q;
				INFOPLIST_FILE = VKClient/Info.plist;
				LD_RUNPATH_SEARCH_PATHS = (
					"$(inherited)",
					"@executable_path/Frameworks",
				);
				PRODUCT_BUNDLE_IDENTIFIER = com.speaker378.VKClient;
				PRODUCT_NAME = "$(TARGET_NAME)";
				SWIFT_VERSION = 5.0;
				TARGETED_DEVICE_FAMILY = "1,2";
			};
			name = Release;
		};
/* End XCBuildConfiguration section */

/* Begin XCConfigurationList section */
		7436DCE526C6E52600E7E21C /* Build configuration list for PBXProject "VKClient" */ = {
			isa = XCConfigurationList;
			buildConfigurations = (
				7436DCFC26C6E52800E7E21C /* Debug */,
				7436DCFD26C6E52800E7E21C /* Release */,
			);
			defaultConfigurationIsVisible = 0;
			defaultConfigurationName = Release;
		};
		7436DCFE26C6E52800E7E21C /* Build configuration list for PBXNativeTarget "VKClient" */ = {
			isa = XCConfigurationList;
			buildConfigurations = (
				7436DCFF26C6E52800E7E21C /* Debug */,
				7436DD0026C6E52800E7E21C /* Release */,
			);
			defaultConfigurationIsVisible = 0;
			defaultConfigurationName = Release;
		};
/* End XCConfigurationList section */

/* Begin XCRemoteSwiftPackageReference section */
		7474B0A7271D2B76005BA504 /* XCRemoteSwiftPackageReference "Nuke" */ = {
			isa = XCRemoteSwiftPackageReference;
			repositoryURL = "https://github.com/kean/Nuke.git";
			requirement = {
				kind = exactVersion;
				version = 10.4.1;
			};
		};
		7474B0AA271D2BE0005BA504 /* XCRemoteSwiftPackageReference "realm-cocoa" */ = {
			isa = XCRemoteSwiftPackageReference;
			repositoryURL = "https://github.com/realm/realm-cocoa.git";
			requirement = {
				kind = exactVersion;
				version = 10.17.0;
			};
		};
/* End XCRemoteSwiftPackageReference section */

/* Begin XCSwiftPackageProductDependency section */
		7474B0A8271D2B76005BA504 /* Nuke */ = {
			isa = XCSwiftPackageProductDependency;
			package = 7474B0A7271D2B76005BA504 /* XCRemoteSwiftPackageReference "Nuke" */;
			productName = Nuke;
		};
		7474B0AB271D2BE0005BA504 /* Realm */ = {
			isa = XCSwiftPackageProductDependency;
			package = 7474B0AA271D2BE0005BA504 /* XCRemoteSwiftPackageReference "realm-cocoa" */;
			productName = Realm;
		};
		7474B0AD271D2BE0005BA504 /* RealmSwift */ = {
			isa = XCSwiftPackageProductDependency;
			package = 7474B0AA271D2BE0005BA504 /* XCRemoteSwiftPackageReference "realm-cocoa" */;
			productName = RealmSwift;
		};
/* End XCSwiftPackageProductDependency section */
	};
	rootObject = 7436DCE226C6E52600E7E21C /* Project object */;
}
